{
  "pins" : [
    {
      "identity" : "composablearch-",
      "kind" : "remoteSourceControl",
      "location" : "https://github.com/MatthewGarlington/ComposableArch-.git",
      "state" : {
        "branch" : "main",
        "revision" : "97b09225867a5680fbe737e9f1773e8572d3b78f"
      }
    }
  ],
  "version" : 2
}
